
Microsoft Visual Studio Solution File, Format Version 12.00
# Visual Studio Version 16
VisualStudioVersion = 16.0.29215.179
MinimumVisualStudioVersion = 10.0.40219.1
Project("{FAE04EC0-301F-11D3-BF4B-00C04F79EFBC}") = "Xfw.Android", "Xfw\Xfw.Android\Xfw.Android.csproj", "{D3DB9C7B-2A27-4967-B433-F13AFC99A83F}"
EndProject
Project("{FAE04EC0-301F-11D3-BF4B-00C04F79EFBC}") = "Xfw.iOS", "Xfw\Xfw.iOS\Xfw.iOS.csproj", "{EF1CD560-DF22-4929-8C57-E20CDC4CBE20}"
EndProject
Project("{FAE04EC0-301F-11D3-BF4B-00C04F79EFBC}") = "Xfw", "Xfw\Xfw\Xfw.csproj", "{E115F22B-93A3-4384-9934-D5E96EBEA419}"
EndProject
Global
	GlobalSection(SolutionConfigurationPlatforms) = preSolution
		Debug|Any CPU = Debug|Any CPU
		Debug|iPhone = Debug|iPhone
		Debug|iPhoneSimulator = Debug|iPhoneSimulator
		Release|Any CPU = Release|Any CPU
		Release|iPhone = Release|iPhone
		Release|iPhoneSimulator = Release|iPhoneSimulator
	EndGlobalSection
	GlobalSection(ProjectConfigurationPlatforms) = postSolution
		{D3DB9C7B-2A27-4967-B433-F13AFC99A83F}.Debug|Any CPU.ActiveCfg = Debug|Any CPU
		{D3DB9C7B-2A27-4967-B433-F13AFC99A83F}.Debug|Any CPU.Build.0 = Debug|Any CPU
		{D3DB9C7B-2A27-4967-B433-F13AFC99A83F}.Debug|Any CPU.Deploy.0 = Debug|Any CPU
		{D3DB9C7B-2A27-4967-B433-F13AFC99A83F}.Debug|iPhone.ActiveCfg = Debug|Any CPU
		{D3DB9C7B-2A27-4967-B433-F13AFC99A83F}.Debug|iPhone.Build.0 = Debug|Any CPU
		{D3DB9C7B-2A27-4967-B433-F13AFC99A83F}.Debug|iPhone.Deploy.0 = Debug|Any CPU
		{D3DB9C7B-2A27-4967-B433-F13AFC99A83F}.Debug|iPhoneSimulator.ActiveCfg = Debug|Any CPU
		{D3DB9C7B-2A27-4967-B433-F13AFC99A83F}.Debug|iPhoneSimulator.Build.0 = Debug|Any CPU
		{D3DB9C7B-2A27-4967-B433-F13AFC99A83F}.Debug|iPhoneSimulator.Deploy.0 = Debug|Any CPU
		{D3DB9C7B-2A27-4967-B433-F13AFC99A83F}.Release|Any CPU.ActiveCfg = Release|Any CPU
		{D3DB9C7B-2A27-4967-B433-F13AFC99A83F}.Release|Any CPU.Build.0 = Release|Any CPU
		{D3DB9C7B-2A27-4967-B433-F13AFC99A83F}.Release|Any CPU.Deploy.0 = Release|Any CPU
		{D3DB9C7B-2A27-4967-B433-F13AFC99A83F}.Release|iPhone.ActiveCfg = Release|Any CPU
		{D3DB9C7B-2A27-4967-B433-F13AFC99A83F}.Release|iPhone.Build.0 = Release|Any CPU
		{D3DB9C7B-2A27-4967-B433-F13AFC99A83F}.Release|iPhone.Deploy.0 = Release|Any CPU
		{D3DB9C7B-2A27-4967-B433-F13AFC99A83F}.Release|iPhoneSimulator.ActiveCfg = Release|Any CPU
		{D3DB9C7B-2A27-4967-B433-F13AFC99A83F}.Release|iPhoneSimulator.Build.0 = Release|Any CPU
		{D3DB9C7B-2A27-4967-B433-F13AFC99A83F}.Release|iPhoneSimulator.Deploy.0 = Release|Any CPU
		{EF1CD560-DF22-4929-8C57-E20CDC4CBE20}.Debug|Any CPU.ActiveCfg = Debug|iPhoneSimulator
		{EF1CD560-DF22-4929-8C57-E20CDC4CBE20}.Debug|Any CPU.Build.0 = Debug|iPhoneSimulator
		{EF1CD560-DF22-4929-8C57-E20CDC4CBE20}.Debug|Any CPU.Deploy.0 = Debug|iPhoneSimulator
		{EF1CD560-DF22-4929-8C57-E20CDC4CBE20}.Debug|iPhone.ActiveCfg = Debug|iPhone
		{EF1CD560-DF22-4929-8C57-E20CDC4CBE20}.Debug|iPhone.Build.0 = Debug|iPhone
		{EF1CD560-DF22-4929-8C57-E20CDC4CBE20}.Debug|iPhone.Deploy.0 = Debug|iPhone
		{EF1CD560-DF22-4929-8C57-E20CDC4CBE20}.Debug|iPhoneSimulator.ActiveCfg = Debug|iPhoneSimulator
		{EF1CD560-DF22-4929-8C57-E20CDC4CBE20}.Debug|iPhoneSimulator.Build.0 = Debug|iPhoneSimulator
		{EF1CD560-DF22-4929-8C57-E20CDC4CBE20}.Debug|iPhoneSimulator.Deploy.0 = Debug|iPhoneSimulator
		{EF1CD560-DF22-4929-8C57-E20CDC4CBE20}.Release|Any CPU.ActiveCfg = Release|iPhone
		{EF1CD560-DF22-4929-8C57-E20CDC4CBE20}.Release|Any CPU.Build.0 = Release|iPhone
		{EF1CD560-DF22-4929-8C57-E20CDC4CBE20}.Release|Any CPU.Deploy.0 = Release|iPhone
		{EF1CD560-DF22-4929-8C57-E20CDC4CBE20}.Release|iPhone.ActiveCfg = Release|iPhone
		{EF1CD560-DF22-4929-8C57-E20CDC4CBE20}.Release|iPhone.Build.0 = Release|iPhone
		{EF1CD560-DF22-4929-8C57-E20CDC4CBE20}.Release|iPhone.Deploy.0 = Release|iPhone
		{EF1CD560-DF22-4929-8C57-E20CDC4CBE20}.Release|iPhoneSimulator.ActiveCfg = Release|iPhoneSimulator
		{EF1CD560-DF22-4929-8C57-E20CDC4CBE20}.Release|iPhoneSimulator.Build.0 = Release|iPhoneSimulator
		{EF1CD560-DF22-4929-8C57-E20CDC4CBE20}.Release|iPhoneSimulator.Deploy.0 = Release|iPhoneSimulator
		{E115F22B-93A3-4384-9934-D5E96EBEA419}.Debug|Any CPU.ActiveCfg = Debug|Any CPU
		{E115F22B-93A3-4384-9934-D5E96EBEA419}.Debug|Any CPU.Build.0 = Debug|Any CPU
		{E115F22B-93A3-4384-9934-D5E96EBEA419}.Debug|Any CPU.Deploy.0 = Debug|Any CPU
		{E115F22B-93A3-4384-9934-D5E96EBEA419}.Debug|iPhone.ActiveCfg = Debug|Any CPU
		{E115F22B-93A3-4384-9934-D5E96EBEA419}.Debug|iPhone.Build.0 = Debug|Any CPU
		{E115F22B-93A3-4384-9934-D5E96EBEA419}.Debug|iPhone.Deploy.0 = Debug|Any CPU
		{E115F22B-93A3-4384-9934-D5E96EBEA419}.Debug|iPhoneSimulator.ActiveCfg = Debug|Any CPU
		{E115F22B-93A3-4384-9934-D5E96EBEA419}.Debug|iPhoneSimulator.Build.0 = Debug|Any CPU
		{E115F22B-93A3-4384-9934-D5E96EBEA419}.Debug|iPhoneSimulator.Deploy.0 = Debug|Any CPU
		{E115F22B-93A3-4384-9934-D5E96EBEA419}.Release|Any CPU.ActiveCfg = Release|Any CPU
		{E115F22B-93A3-4384-9934-D5E96EBEA419}.Release|Any CPU.Build.0 = Release|Any CPU
		{E115F22B-93A3-4384-9934-D5E96EBEA419}.Release|Any CPU.Deploy.0 = Release|Any CPU
		{E115F22B-93A3-4384-9934-D5E96EBEA419}.Release|iPhone.ActiveCfg = Release|Any CPU
		{E115F22B-93A3-4384-9934-D5E96EBEA419}.Release|iPhone.Build.0 = Release|Any CPU
		{E115F22B-93A3-4384-9934-D5E96EBEA419}.Release|iPhone.Deploy.0 = Release|Any CPU
		{E115F22B-93A3-4384-9934-D5E96EBEA419}.Release|iPhoneSimulator.ActiveCfg = Release|Any CPU
		{E115F22B-93A3-4384-9934-D5E96EBEA419}.Release|iPhoneSimulator.Build.0 = Release|Any CPU
		{E115F22B-93A3-4384-9934-D5E96EBEA419}.Release|iPhoneSimulator.Deploy.0 = Release|Any CPU
	EndGlobalSection
	GlobalSection(SolutionProperties) = preSolution
		HideSolutionNode = FALSE
	EndGlobalSection
	GlobalSection(ExtensibilityGlobals) = postSolution
		SolutionGuid = {30B9B123-FAAC-436F-BE73-CEAF8F041038}
	EndGlobalSection
EndGlobal
